{
  "name": "roa-loader",
  "version": "1.0.0",
  "lockfileVersion": 3,
  "requires": true,
  "packages": {
    "": {
      "name": "roa-loader",
      "version": "1.0.0",
      "license": "ISC",
      "dependencies": {
        "loader-utils": "^3.2.1",
        "roa-loader": "file:"
      }
    },
    "node_modules/loader-utils": {
      "version": "3.3.1",
      "resolved": "https://registry.npmjs.org/loader-utils/-/loader-utils-3.3.1.tgz",
      "integrity": "sha512-FMJTLMXfCLMLfJxcX9PFqX5qD88Z5MRGaZCVzfuqeZSPsyiBzs+pahDQjbIWz2QIzPZz0NX9Zy4FX3lmK6YHIg==",
      "license": "MIT",
      "engines": {
        "node": ">= 12.13.0"
      }
    },
    "node_modules/roa-loader": {
      "resolved": "",
      "link": true
    }
  }
}
